{
  "name": "hud-gamepad-example",
  "version": "0.5.9",
  "lockfileVersion": 1,
  "requires": true,
  "dependencies": {
    "hud-gamepad": {
      "version": "file:../hud-gamepad.tgz",
      "integrity": "sha512-Fifl+bJYvd0Q6RpkRL79OuaVh8u/wghkIq/Ci8vcFRZeeYNPPbz1lqfXYa6Tr2P78A3k8t1Iosi6qkasonG12Q=="
    }
  }
}
