{
  "name": "hud-gamepad-example",
  "version": "0.5.9",
  "lockfileVersion": 3,
  "requires": true,
  "packages": {
    "": {
      "name": "hud-gamepad-example",
      "version": "0.5.9",
      "license": "ISC",
      "dependencies": {
        "hud-gamepad": "file:../hud-gamepad.tgz"
      },
      "engines": {
        "node": "20.x",
        "npm": "10.x"
      }
    },
    "node_modules/hud-gamepad": {
      "version": "0.6.1",
      "resolved": "file:../hud-gamepad.tgz",
      "integrity": "sha512-w32mf+sLivw7AEXxgXINBbvSzKKDFfxACj8T2YmFhZ0bAxM/x6EWN8LoqWXCYxoRay4ENZ/8F0Kk9lk+SCt0Yg==",
      "engines": {
        "node": "20.x",
        "npm": "10.x"
      }
    }
  }
}
