{
  "name": "hud-gamepad-example",
  "version": "0.5.9",
  "lockfileVersion": 3,
  "requires": true,
  "packages": {
    "": {
      "name": "hud-gamepad-example",
      "version": "0.5.9",
      "license": "ISC",
      "dependencies": {
        "hud-gamepad": "file:../hud-gamepad.tgz"
      },
      "engines": {
        "node": "20.x",
        "npm": "10.x"
      }
    },
    "node_modules/hud-gamepad": {
      "version": "0.6.2",
      "resolved": "file:../hud-gamepad.tgz",
      "integrity": "sha512-XWVR75bw84gT/R4o7My+U/hMk/1WKYC8pIgKh3/ZdCfkmi20ogGA19Mz7F73f1UxQXFNdlrolO0WQTNfPDw5Og==",
      "engines": {
        "node": "20.x",
        "npm": "10.x"
      }
    }
  }
}
